
Microsoft Visual Studio Solution File, Format Version 12.00
# Visual Studio Version 17
VisualStudioVersion = 17.0.31903.59
MinimumVisualStudioVersion = 10.0.40219.1
Project("{2150E333-8FDC-42A3-9474-1A3956D46DE8}") = "src", "src", "{5204F8AB-7849-47A9-8DFF-567BF4CCE6C3}"
EndProject
Project("{FAE04EC0-301F-11D3-BF4B-00C04F79EFBC}") = "IDManager.Domain", "src\IDManager.Domain\IDManager.Domain.csproj", "{C2D47F9A-98CA-490B-A989-5F6727E5301D}"
EndProject
Project("{FAE04EC0-301F-11D3-BF4B-00C04F79EFBC}") = "IDManager.Infrastructure", "src\IDManager.Infrastructure\IDManager.Infrastructure.csproj", "{A874F364-FDE0-4007-BF9B-34B9D94F4EA6}"
EndProject
Project("{FAE04EC0-301F-11D3-BF4B-00C04F79EFBC}") = "IDManager.Api", "src\IDManager.Api\IDManager.Api.csproj", "{1C462D26-0B0A-41AF-9342-3B03ADF15A63}"
EndProject
Global
	GlobalSection(SolutionConfigurationPlatforms) = preSolution
		Debug|Any CPU = Debug|Any CPU
		Release|Any CPU = Release|Any CPU
	EndGlobalSection
	GlobalSection(SolutionProperties) = preSolution
		HideSolutionNode = FALSE
	EndGlobalSection
	GlobalSection(ProjectConfigurationPlatforms) = postSolution
		{C2D47F9A-98CA-490B-A989-5F6727E5301D}.Debug|Any CPU.ActiveCfg = Debug|Any CPU
		{C2D47F9A-98CA-490B-A989-5F6727E5301D}.Debug|Any CPU.Build.0 = Debug|Any CPU
		{C2D47F9A-98CA-490B-A989-5F6727E5301D}.Release|Any CPU.ActiveCfg = Release|Any CPU
		{C2D47F9A-98CA-490B-A989-5F6727E5301D}.Release|Any CPU.Build.0 = Release|Any CPU
		{A874F364-FDE0-4007-BF9B-34B9D94F4EA6}.Debug|Any CPU.ActiveCfg = Debug|Any CPU
		{A874F364-FDE0-4007-BF9B-34B9D94F4EA6}.Debug|Any CPU.Build.0 = Debug|Any CPU
		{A874F364-FDE0-4007-BF9B-34B9D94F4EA6}.Release|Any CPU.ActiveCfg = Release|Any CPU
		{A874F364-FDE0-4007-BF9B-34B9D94F4EA6}.Release|Any CPU.Build.0 = Release|Any CPU
		{1C462D26-0B0A-41AF-9342-3B03ADF15A63}.Debug|Any CPU.ActiveCfg = Debug|Any CPU
		{1C462D26-0B0A-41AF-9342-3B03ADF15A63}.Debug|Any CPU.Build.0 = Debug|Any CPU
		{1C462D26-0B0A-41AF-9342-3B03ADF15A63}.Release|Any CPU.ActiveCfg = Release|Any CPU
		{1C462D26-0B0A-41AF-9342-3B03ADF15A63}.Release|Any CPU.Build.0 = Release|Any CPU
	EndGlobalSection
	GlobalSection(NestedProjects) = preSolution
		{C2D47F9A-98CA-490B-A989-5F6727E5301D} = {5204F8AB-7849-47A9-8DFF-567BF4CCE6C3}
		{A874F364-FDE0-4007-BF9B-34B9D94F4EA6} = {5204F8AB-7849-47A9-8DFF-567BF4CCE6C3}
		{1C462D26-0B0A-41AF-9342-3B03ADF15A63} = {5204F8AB-7849-47A9-8DFF-567BF4CCE6C3}
	EndGlobalSection
EndGlobal
